
Microsoft Visual Studio Solution File, Format Version 12.00
# Visual Studio Version 17
VisualStudioVersion = 17.13.35931.197
MinimumVisualStudioVersion = 10.0.40219.1
Project("{FAE04EC0-301F-11D3-BF4B-00C04F79EFBC}") = "CronosPlus-Api", "CronosPlus-Api\CronosPlus-Api.csproj", "{FF787294-6D4F-4DF6-8AEC-0333BBE66678}"
EndProject
Project("{2150E333-8FDC-42A3-9474-1A3956D46DE8}") = "Api", "Api", "{02EA681E-C7D8-13C7-8484-4AC65E1B71E8}"
EndProject
Project("{2150E333-8FDC-42A3-9474-1A3956D46DE8}") = "App", "App", "{A744D685-2723-45DE-97A8-865BB9CB302C}"
EndProject
Project("{2150E333-8FDC-42A3-9474-1A3956D46DE8}") = "Structure", "Structure", "{998B7878-A8A3-45F4-A29C-68558DD00216}"
EndProject
Project("{FAE04EC0-301F-11D3-BF4B-00C04F79EFBC}") = "Domain", "Domain\Domain.csproj", "{9463B6FA-7ECF-40CD-BCC8-424891DEB2EE}"
EndProject
Project("{FAE04EC0-301F-11D3-BF4B-00C04F79EFBC}") = "DataAccess", "DataAccess\DataAccess.csproj", "{18897F3B-02AB-452D-9326-7E02D796AA54}"
EndProject
Project("{FAE04EC0-301F-11D3-BF4B-00C04F79EFBC}") = "CrossCutting", "CrossCutting\CrossCutting.csproj", "{C8AA9B25-30DA-4336-A763-58DB8ED9B457}"
EndProject
Project("{FAE04EC0-301F-11D3-BF4B-00C04F79EFBC}") = "Application", "Application\Application.csproj", "{A6F98467-56F2-4C64-B20D-4031ADA6DC6F}"
EndProject
Project("{2150E333-8FDC-42A3-9474-1A3956D46DE8}") = "Services", "Services", "{64A05FA6-ED8D-477F-AC0F-D75C7CFE1F44}"
EndProject
Project("{FAE04EC0-301F-11D3-BF4B-00C04F79EFBC}") = "NHTSAVehicleApi", "NHTSAVehicleApi\NHTSAVehicleApi.csproj", "{2EE46C96-829B-4A6D-B3E9-771E8A3F9E60}"
EndProject
Project("{FAE04EC0-301F-11D3-BF4B-00C04F79EFBC}") = "CronosPlus-App", "CronosPlus-App\CronosPlus-App.csproj", "{DE790E7F-6286-4D46-ADC5-2C13CC5E1877}"
EndProject
Project("{FAE04EC0-301F-11D3-BF4B-00C04F79EFBC}") = "Acesso", "Acesso\Acesso.csproj", "{546FB937-79A3-4345-9DD6-346D8B432771}"
EndProject
Project("{FAE04EC0-301F-11D3-BF4B-00C04F79EFBC}") = "ApiExterna", "ApiExterna\ApiExterna.csproj", "{2934CF6E-6E98-4747-8D5C-3501B79FA131}"
EndProject
Global
	GlobalSection(SolutionConfigurationPlatforms) = preSolution
		Debug|Any CPU = Debug|Any CPU
		Release|Any CPU = Release|Any CPU
	EndGlobalSection
	GlobalSection(ProjectConfigurationPlatforms) = postSolution
		{FF787294-6D4F-4DF6-8AEC-0333BBE66678}.Debug|Any CPU.ActiveCfg = Debug|Any CPU
		{FF787294-6D4F-4DF6-8AEC-0333BBE66678}.Debug|Any CPU.Build.0 = Debug|Any CPU
		{FF787294-6D4F-4DF6-8AEC-0333BBE66678}.Release|Any CPU.ActiveCfg = Release|Any CPU
		{FF787294-6D4F-4DF6-8AEC-0333BBE66678}.Release|Any CPU.Build.0 = Release|Any CPU
		{9463B6FA-7ECF-40CD-BCC8-424891DEB2EE}.Debug|Any CPU.ActiveCfg = Debug|Any CPU
		{9463B6FA-7ECF-40CD-BCC8-424891DEB2EE}.Debug|Any CPU.Build.0 = Debug|Any CPU
		{9463B6FA-7ECF-40CD-BCC8-424891DEB2EE}.Release|Any CPU.ActiveCfg = Release|Any CPU
		{9463B6FA-7ECF-40CD-BCC8-424891DEB2EE}.Release|Any CPU.Build.0 = Release|Any CPU
		{18897F3B-02AB-452D-9326-7E02D796AA54}.Debug|Any CPU.ActiveCfg = Debug|Any CPU
		{18897F3B-02AB-452D-9326-7E02D796AA54}.Debug|Any CPU.Build.0 = Debug|Any CPU
		{18897F3B-02AB-452D-9326-7E02D796AA54}.Release|Any CPU.ActiveCfg = Release|Any CPU
		{18897F3B-02AB-452D-9326-7E02D796AA54}.Release|Any CPU.Build.0 = Release|Any CPU
		{C8AA9B25-30DA-4336-A763-58DB8ED9B457}.Debug|Any CPU.ActiveCfg = Debug|Any CPU
		{C8AA9B25-30DA-4336-A763-58DB8ED9B457}.Debug|Any CPU.Build.0 = Debug|Any CPU
		{C8AA9B25-30DA-4336-A763-58DB8ED9B457}.Release|Any CPU.ActiveCfg = Release|Any CPU
		{C8AA9B25-30DA-4336-A763-58DB8ED9B457}.Release|Any CPU.Build.0 = Release|Any CPU
		{A6F98467-56F2-4C64-B20D-4031ADA6DC6F}.Debug|Any CPU.ActiveCfg = Debug|Any CPU
		{A6F98467-56F2-4C64-B20D-4031ADA6DC6F}.Debug|Any CPU.Build.0 = Debug|Any CPU
		{A6F98467-56F2-4C64-B20D-4031ADA6DC6F}.Release|Any CPU.ActiveCfg = Release|Any CPU
		{A6F98467-56F2-4C64-B20D-4031ADA6DC6F}.Release|Any CPU.Build.0 = Release|Any CPU
		{2EE46C96-829B-4A6D-B3E9-771E8A3F9E60}.Debug|Any CPU.ActiveCfg = Debug|Any CPU
		{2EE46C96-829B-4A6D-B3E9-771E8A3F9E60}.Debug|Any CPU.Build.0 = Debug|Any CPU
		{2EE46C96-829B-4A6D-B3E9-771E8A3F9E60}.Release|Any CPU.ActiveCfg = Release|Any CPU
		{2EE46C96-829B-4A6D-B3E9-771E8A3F9E60}.Release|Any CPU.Build.0 = Release|Any CPU
		{DE790E7F-6286-4D46-ADC5-2C13CC5E1877}.Debug|Any CPU.ActiveCfg = Debug|Any CPU
		{DE790E7F-6286-4D46-ADC5-2C13CC5E1877}.Debug|Any CPU.Build.0 = Debug|Any CPU
		{DE790E7F-6286-4D46-ADC5-2C13CC5E1877}.Release|Any CPU.ActiveCfg = Release|Any CPU
		{DE790E7F-6286-4D46-ADC5-2C13CC5E1877}.Release|Any CPU.Build.0 = Release|Any CPU
		{546FB937-79A3-4345-9DD6-346D8B432771}.Debug|Any CPU.ActiveCfg = Debug|Any CPU
		{546FB937-79A3-4345-9DD6-346D8B432771}.Debug|Any CPU.Build.0 = Debug|Any CPU
		{546FB937-79A3-4345-9DD6-346D8B432771}.Release|Any CPU.ActiveCfg = Release|Any CPU
		{546FB937-79A3-4345-9DD6-346D8B432771}.Release|Any CPU.Build.0 = Release|Any CPU
		{2934CF6E-6E98-4747-8D5C-3501B79FA131}.Debug|Any CPU.ActiveCfg = Debug|Any CPU
		{2934CF6E-6E98-4747-8D5C-3501B79FA131}.Debug|Any CPU.Build.0 = Debug|Any CPU
		{2934CF6E-6E98-4747-8D5C-3501B79FA131}.Release|Any CPU.ActiveCfg = Release|Any CPU
		{2934CF6E-6E98-4747-8D5C-3501B79FA131}.Release|Any CPU.Build.0 = Release|Any CPU
	EndGlobalSection
	GlobalSection(SolutionProperties) = preSolution
		HideSolutionNode = FALSE
	EndGlobalSection
	GlobalSection(NestedProjects) = preSolution
		{FF787294-6D4F-4DF6-8AEC-0333BBE66678} = {02EA681E-C7D8-13C7-8484-4AC65E1B71E8}
		{9463B6FA-7ECF-40CD-BCC8-424891DEB2EE} = {998B7878-A8A3-45F4-A29C-68558DD00216}
		{18897F3B-02AB-452D-9326-7E02D796AA54} = {998B7878-A8A3-45F4-A29C-68558DD00216}
		{C8AA9B25-30DA-4336-A763-58DB8ED9B457} = {998B7878-A8A3-45F4-A29C-68558DD00216}
		{A6F98467-56F2-4C64-B20D-4031ADA6DC6F} = {998B7878-A8A3-45F4-A29C-68558DD00216}
		{2EE46C96-829B-4A6D-B3E9-771E8A3F9E60} = {64A05FA6-ED8D-477F-AC0F-D75C7CFE1F44}
		{DE790E7F-6286-4D46-ADC5-2C13CC5E1877} = {A744D685-2723-45DE-97A8-865BB9CB302C}
		{546FB937-79A3-4345-9DD6-346D8B432771} = {998B7878-A8A3-45F4-A29C-68558DD00216}
		{2934CF6E-6E98-4747-8D5C-3501B79FA131} = {998B7878-A8A3-45F4-A29C-68558DD00216}
	EndGlobalSection
	GlobalSection(ExtensibilityGlobals) = postSolution
		SolutionGuid = {A14FCBE4-1CD4-4545-A0A6-67C8AC39DF69}
	EndGlobalSection
EndGlobal
